
Microsoft Visual Studio Solution File, Format Version 12.00
# Visual Studio 15
VisualStudioVersion = 15.0.27428.2037
MinimumVisualStudioVersion = 10.0.40219.1
Project("{8BC9CEB8-8B4A-11D0-8D11-00A0C91BC942}") = "game_of_life", "game_of_life\game_of_life.vcxproj", "{67DC4DC7-430D-4B9A-B8CB-20501B6AEB4A}"
EndProject
Global
	GlobalSection(SolutionConfigurationPlatforms) = preSolution
		Debug|x64 = Debug|x64
		Debug|x86 = Debug|x86
		Release|x64 = Release|x64
		Release|x86 = Release|x86
	EndGlobalSection
	GlobalSection(ProjectConfigurationPlatforms) = postSolution
		{67DC4DC7-430D-4B9A-B8CB-20501B6AEB4A}.Debug|x64.ActiveCfg = Debug|x64
		{67DC4DC7-430D-4B9A-B8CB-20501B6AEB4A}.Debug|x64.Build.0 = Debug|x64
		{67DC4DC7-430D-4B9A-B8CB-20501B6AEB4A}.Debug|x86.ActiveCfg = Debug|Win32
		{67DC4DC7-430D-4B9A-B8CB-20501B6AEB4A}.Debug|x86.Build.0 = Debug|Win32
		{67DC4DC7-430D-4B9A-B8CB-20501B6AEB4A}.Release|x64.ActiveCfg = Release|x64
		{67DC4DC7-430D-4B9A-B8CB-20501B6AEB4A}.Release|x64.Build.0 = Release|x64
		{67DC4DC7-430D-4B9A-B8CB-20501B6AEB4A}.Release|x86.ActiveCfg = Release|Win32
		{67DC4DC7-430D-4B9A-B8CB-20501B6AEB4A}.Release|x86.Build.0 = Release|Win32
	EndGlobalSection
	GlobalSection(SolutionProperties) = preSolution
		HideSolutionNode = FALSE
	EndGlobalSection
	GlobalSection(ExtensibilityGlobals) = postSolution
		SolutionGuid = {E9231851-C4EB-43C0-8EF2-467FCC19DFCF}
	EndGlobalSection
EndGlobal
